
Microsoft Visual Studio Solution File, Format Version 12.00
# Visual Studio Version 17
VisualStudioVersion = 17.5.33516.290
MinimumVisualStudioVersion = 10.0.40219.1
Project("{FAE04EC0-301F-11D3-BF4B-00C04F79EFBC}") = "Blog.Web", "Blog.Web.csproj", "{7D47ABC2-D35D-4081-8EB5-606B2FF097DF}"
EndProject
Project("{FAE04EC0-301F-11D3-BF4B-00C04F79EFBC}") = "Blog.Entity", "..\Blog.Entity\Blog.Entity.csproj", "{0558DDA1-78C7-411E-9636-CBA90DD10367}"
EndProject
Project("{FAE04EC0-301F-11D3-BF4B-00C04F79EFBC}") = "Blog.DAL", "..\Blog.Data\Blog.DAL.csproj", "{FA8FBA74-0137-4D62-ABB6-1C7584938E8A}"
EndProject
Project("{FAE04EC0-301F-11D3-BF4B-00C04F79EFBC}") = "Blog.Services", "..\Blog.Services\Blog.Services.csproj", "{A2EB4266-FAE9-4ED4-AC02-014F108E5109}"
EndProject
Project("{FAE04EC0-301F-11D3-BF4B-00C04F79EFBC}") = "Blog.Core", "..\Blog.Core\Blog.Core.csproj", "{BCDED8C9-1DFF-4464-AE40-CE600E0AC4E6}"
EndProject
Global
	GlobalSection(SolutionConfigurationPlatforms) = preSolution
		Debug|Any CPU = Debug|Any CPU
		Release|Any CPU = Release|Any CPU
	EndGlobalSection
	GlobalSection(ProjectConfigurationPlatforms) = postSolution
		{7D47ABC2-D35D-4081-8EB5-606B2FF097DF}.Debug|Any CPU.ActiveCfg = Debug|Any CPU
		{7D47ABC2-D35D-4081-8EB5-606B2FF097DF}.Debug|Any CPU.Build.0 = Debug|Any CPU
		{7D47ABC2-D35D-4081-8EB5-606B2FF097DF}.Release|Any CPU.ActiveCfg = Release|Any CPU
		{7D47ABC2-D35D-4081-8EB5-606B2FF097DF}.Release|Any CPU.Build.0 = Release|Any CPU
		{0558DDA1-78C7-411E-9636-CBA90DD10367}.Debug|Any CPU.ActiveCfg = Debug|Any CPU
		{0558DDA1-78C7-411E-9636-CBA90DD10367}.Debug|Any CPU.Build.0 = Debug|Any CPU
		{0558DDA1-78C7-411E-9636-CBA90DD10367}.Release|Any CPU.ActiveCfg = Release|Any CPU
		{0558DDA1-78C7-411E-9636-CBA90DD10367}.Release|Any CPU.Build.0 = Release|Any CPU
		{FA8FBA74-0137-4D62-ABB6-1C7584938E8A}.Debug|Any CPU.ActiveCfg = Debug|Any CPU
		{FA8FBA74-0137-4D62-ABB6-1C7584938E8A}.Debug|Any CPU.Build.0 = Debug|Any CPU
		{FA8FBA74-0137-4D62-ABB6-1C7584938E8A}.Release|Any CPU.ActiveCfg = Release|Any CPU
		{FA8FBA74-0137-4D62-ABB6-1C7584938E8A}.Release|Any CPU.Build.0 = Release|Any CPU
		{A2EB4266-FAE9-4ED4-AC02-014F108E5109}.Debug|Any CPU.ActiveCfg = Debug|Any CPU
		{A2EB4266-FAE9-4ED4-AC02-014F108E5109}.Debug|Any CPU.Build.0 = Debug|Any CPU
		{A2EB4266-FAE9-4ED4-AC02-014F108E5109}.Release|Any CPU.ActiveCfg = Release|Any CPU
		{A2EB4266-FAE9-4ED4-AC02-014F108E5109}.Release|Any CPU.Build.0 = Release|Any CPU
		{BCDED8C9-1DFF-4464-AE40-CE600E0AC4E6}.Debug|Any CPU.ActiveCfg = Debug|Any CPU
		{BCDED8C9-1DFF-4464-AE40-CE600E0AC4E6}.Debug|Any CPU.Build.0 = Debug|Any CPU
		{BCDED8C9-1DFF-4464-AE40-CE600E0AC4E6}.Release|Any CPU.ActiveCfg = Release|Any CPU
		{BCDED8C9-1DFF-4464-AE40-CE600E0AC4E6}.Release|Any CPU.Build.0 = Release|Any CPU
	EndGlobalSection
	GlobalSection(SolutionProperties) = preSolution
		HideSolutionNode = FALSE
	EndGlobalSection
	GlobalSection(ExtensibilityGlobals) = postSolution
		SolutionGuid = {9C509A98-FC84-417C-A5E3-817599DECF14}
	EndGlobalSection
EndGlobal
